// !$*UTF8*$!
{
	archiveVersion = 1;
	classes = {
	};
	objectVersion = 52;
	objects = {

/* Begin PBXBuildFile section */
		450712EF269E174A0022EE61 /* List.swift in Sources */ = {isa = PBXBuildFile; fileRef = 450712EE269E174A0022EE61 /* List.swift */; };
		456E7F742699F79D007ABF69 /* DI.swift in Sources */ = {isa = PBXBuildFile; fileRef = 456E7F732699F79D007ABF69 /* DI.swift */; };
		456EB43F2692E1120003CEB6 /* AppDelegate.swift in Sources */ = {isa = PBXBuildFile; fileRef = 456EB43E2692E1120003CEB6 /* AppDelegate.swift */; };
		456EB4462692E1120003CEB6 /* Main.storyboard in Resources */ = {isa = PBXBuildFile; fileRef = 456EB4442692E1120003CEB6 /* Main.storyboard */; };
		456EB4482692E1120003CEB6 /* Assets.xcassets in Resources */ = {isa = PBXBuildFile; fileRef = 456EB4472692E1120003CEB6 /* Assets.xcassets */; };
		456EB44B2692E1120003CEB6 /* LaunchScreen.storyboard in Resources */ = {isa = PBXBuildFile; fileRef = 456EB4492692E1120003CEB6 /* LaunchScreen.storyboard */; };
		45826F6026B9B83D001B3350 /* WordCellDescription.swift in Sources */ = {isa = PBXBuildFile; fileRef = 45826F5F26B9B83D001B3350 /* WordCellDescription.swift */; };
		458C50BD26B6BEB4001DD6B9 /* WordsViewController.swift in Sources */ = {isa = PBXBuildFile; fileRef = 458C50BC26B6BEB4001DD6B9 /* WordsViewController.swift */; };
		458C50BF26B6BEE5001DD6B9 /* WordsViewModel.swift in Sources */ = {isa = PBXBuildFile; fileRef = 458C50BE26B6BEE5001DD6B9 /* WordsViewModel.swift */; };
		458C50C826B6CCFB001DD6B9 /* WordsEndpoint.swift in Sources */ = {isa = PBXBuildFile; fileRef = 458C50C726B6CCFB001DD6B9 /* WordsEndpoint.swift */; };
		458C50CA26B70D96001DD6B9 /* WordsTableView.swift in Sources */ = {isa = PBXBuildFile; fileRef = 458C50C926B70D96001DD6B9 /* WordsTableView.swift */; };
		45A191AC269DE0D700D2E169 /* UIView.swift in Sources */ = {isa = PBXBuildFile; fileRef = 45A191AB269DE0D700D2E169 /* UIView.swift */; };
		45C9416B2692E3D6001827AB /* SnapKit in Frameworks */ = {isa = PBXBuildFile; productRef = 45C9416A2692E3D6001827AB /* SnapKit */; };
		45C960162694C2D600B846D2 /* UIWindow.swift in Sources */ = {isa = PBXBuildFile; fileRef = 45C960152694C2D600B846D2 /* UIWindow.swift */; };
		45E8EEC42693403D00D66F13 /* Vibro.swift in Sources */ = {isa = PBXBuildFile; fileRef = 45E8EEC32693403D00D66F13 /* Vibro.swift */; };
		45E8EEC6269340BD00D66F13 /* Constant.swift in Sources */ = {isa = PBXBuildFile; fileRef = 45E8EEC5269340BD00D66F13 /* Constant.swift */; };
		45E8EEC92693429E00D66F13 /* DefaultUtils.swift in Sources */ = {isa = PBXBuildFile; fileRef = 45E8EEC82693429E00D66F13 /* DefaultUtils.swift */; };
		45E8EECB2693543C00D66F13 /* Word.swift in Sources */ = {isa = PBXBuildFile; fileRef = 45E8EECA2693543C00D66F13 /* Word.swift */; };
		45E976A126947F5800A12858 /* UIViewController.swift in Sources */ = {isa = PBXBuildFile; fileRef = 45E976A026947F5800A12858 /* UIViewController.swift */; };
		45E976A3269490C500A12858 /* UINavigationController.swift in Sources */ = {isa = PBXBuildFile; fileRef = 45E976A2269490C500A12858 /* UINavigationController.swift */; };
		45E976A52694B56A00A12858 /* BaseViewController.swift in Sources */ = {isa = PBXBuildFile; fileRef = 45E976A42694B56A00A12858 /* BaseViewController.swift */; };
		45E976A72694BB3A00A12858 /* BaseNavigationController.swift in Sources */ = {isa = PBXBuildFile; fileRef = 45E976A62694BB3900A12858 /* BaseNavigationController.swift */; };
		45FF7AA526A00C28005BAF35 /* NSObject.swift in Sources */ = {isa = PBXBuildFile; fileRef = 45FF7AA426A00C28005BAF35 /* NSObject.swift */; };
		45FF7AAD26A016DD005BAF35 /* BaseCell.swift in Sources */ = {isa = PBXBuildFile; fileRef = 45FF7AAC26A016DD005BAF35 /* BaseCell.swift */; };
		529EFF0C26BD1CBA00D65721 /* UITableView.swift in Sources */ = {isa = PBXBuildFile; fileRef = 529EFF0B26BD1CBA00D65721 /* UITableView.swift */; };
		52E45E7326B7F546009C5965 /* WordCell.swift in Sources */ = {isa = PBXBuildFile; fileRef = 52E45E7226B7F546009C5965 /* WordCell.swift */; };
		52E45E7826BAFCB2009C5965 /* Array.swift in Sources */ = {isa = PBXBuildFile; fileRef = 52E45E7726BAFCB2009C5965 /* Array.swift */; };
		E97DA815295116730059EF64 /* JSONContent.swift in Sources */ = {isa = PBXBuildFile; fileRef = E97DA814295116730059EF64 /* JSONContent.swift */; };
		E97DA81729511F680059EF64 /* WordsProtocols.swift in Sources */ = {isa = PBXBuildFile; fileRef = E97DA81629511F680059EF64 /* WordsProtocols.swift */; };
		E97DA819295122780059EF64 /* DataProvider.swift in Sources */ = {isa = PBXBuildFile; fileRef = E97DA818295122780059EF64 /* DataProvider.swift */; };
/* End PBXBuildFile section */

/* Begin PBXFileReference section */
		450712EE269E174A0022EE61 /* List.swift */ = {isa = PBXFileReference; lastKnownFileType = sourcecode.swift; path = List.swift; sourceTree = "<group>"; };
		456E7F732699F79D007ABF69 /* DI.swift */ = {isa = PBXFileReference; lastKnownFileType = sourcecode.swift; path = DI.swift; sourceTree = "<group>"; };
		456EB43B2692E1120003CEB6 /* English.app */ = {isa = PBXFileReference; explicitFileType = wrapper.application; includeInIndex = 0; path = English.app; sourceTree = BUILT_PRODUCTS_DIR; };
		456EB43E2692E1120003CEB6 /* AppDelegate.swift */ = {isa = PBXFileReference; lastKnownFileType = sourcecode.swift; path = AppDelegate.swift; sourceTree = "<group>"; };
		456EB4452692E1120003CEB6 /* Base */ = {isa = PBXFileReference; lastKnownFileType = file.storyboard; name = Base; path = Base.lproj/Main.storyboard; sourceTree = "<group>"; };
		456EB4472692E1120003CEB6 /* Assets.xcassets */ = {isa = PBXFileReference; lastKnownFileType = folder.assetcatalog; path = Assets.xcassets; sourceTree = "<group>"; };
		456EB44A2692E1120003CEB6 /* Base */ = {isa = PBXFileReference; lastKnownFileType = file.storyboard; name = Base; path = Base.lproj/LaunchScreen.storyboard; sourceTree = "<group>"; };
		456EB44C2692E1120003CEB6 /* Info.plist */ = {isa = PBXFileReference; lastKnownFileType = text.plist.xml; path = Info.plist; sourceTree = "<group>"; };
		45826F5F26B9B83D001B3350 /* WordCellDescription.swift */ = {isa = PBXFileReference; lastKnownFileType = sourcecode.swift; path = WordCellDescription.swift; sourceTree = "<group>"; };
		458C50BC26B6BEB4001DD6B9 /* WordsViewController.swift */ = {isa = PBXFileReference; lastKnownFileType = sourcecode.swift; path = WordsViewController.swift; sourceTree = "<group>"; };
		458C50BE26B6BEE5001DD6B9 /* WordsViewModel.swift */ = {isa = PBXFileReference; lastKnownFileType = sourcecode.swift; path = WordsViewModel.swift; sourceTree = "<group>"; };
		458C50C726B6CCFB001DD6B9 /* WordsEndpoint.swift */ = {isa = PBXFileReference; lastKnownFileType = sourcecode.swift; path = WordsEndpoint.swift; sourceTree = "<group>"; };
		458C50C926B70D96001DD6B9 /* WordsTableView.swift */ = {isa = PBXFileReference; lastKnownFileType = sourcecode.swift; path = WordsTableView.swift; sourceTree = "<group>"; };
		45A191AB269DE0D700D2E169 /* UIView.swift */ = {isa = PBXFileReference; lastKnownFileType = sourcecode.swift; path = UIView.swift; sourceTree = "<group>"; };
		45C960152694C2D600B846D2 /* UIWindow.swift */ = {isa = PBXFileReference; lastKnownFileType = sourcecode.swift; path = UIWindow.swift; sourceTree = "<group>"; };
		45E8EEC32693403D00D66F13 /* Vibro.swift */ = {isa = PBXFileReference; lastKnownFileType = sourcecode.swift; path = Vibro.swift; sourceTree = "<group>"; };
		45E8EEC5269340BD00D66F13 /* Constant.swift */ = {isa = PBXFileReference; lastKnownFileType = sourcecode.swift; path = Constant.swift; sourceTree = "<group>"; };
		45E8EEC82693429E00D66F13 /* DefaultUtils.swift */ = {isa = PBXFileReference; lastKnownFileType = sourcecode.swift; path = DefaultUtils.swift; sourceTree = "<group>"; };
		45E8EECA2693543C00D66F13 /* Word.swift */ = {isa = PBXFileReference; lastKnownFileType = sourcecode.swift; path = Word.swift; sourceTree = "<group>"; };
		45E976A026947F5800A12858 /* UIViewController.swift */ = {isa = PBXFileReference; lastKnownFileType = sourcecode.swift; path = UIViewController.swift; sourceTree = "<group>"; };
		45E976A2269490C500A12858 /* UINavigationController.swift */ = {isa = PBXFileReference; lastKnownFileType = sourcecode.swift; path = UINavigationController.swift; sourceTree = "<group>"; };
		45E976A42694B56A00A12858 /* BaseViewController.swift */ = {isa = PBXFileReference; lastKnownFileType = sourcecode.swift; path = BaseViewController.swift; sourceTree = "<group>"; };
		45E976A62694BB3900A12858 /* BaseNavigationController.swift */ = {isa = PBXFileReference; lastKnownFileType = sourcecode.swift; path = BaseNavigationController.swift; sourceTree = "<group>"; };
		45FC2C1C26C1AF6E00A16EDC /* ru */ = {isa = PBXFileReference; lastKnownFileType = text.plist.strings; name = ru; path = ru.lproj/Main.strings; sourceTree = "<group>"; };
		45FC2C1D26C1AF6F00A16EDC /* ru */ = {isa = PBXFileReference; lastKnownFileType = text.plist.strings; name = ru; path = ru.lproj/LaunchScreen.strings; sourceTree = "<group>"; };
		45FF7AA426A00C28005BAF35 /* NSObject.swift */ = {isa = PBXFileReference; lastKnownFileType = sourcecode.swift; path = NSObject.swift; sourceTree = "<group>"; };
		45FF7AAC26A016DD005BAF35 /* BaseCell.swift */ = {isa = PBXFileReference; lastKnownFileType = sourcecode.swift; path = BaseCell.swift; sourceTree = "<group>"; };
		529EFF0B26BD1CBA00D65721 /* UITableView.swift */ = {isa = PBXFileReference; lastKnownFileType = sourcecode.swift; path = UITableView.swift; sourceTree = "<group>"; };
		52E45E7226B7F546009C5965 /* WordCell.swift */ = {isa = PBXFileReference; lastKnownFileType = sourcecode.swift; path = WordCell.swift; sourceTree = "<group>"; };
		52E45E7726BAFCB2009C5965 /* Array.swift */ = {isa = PBXFileReference; lastKnownFileType = sourcecode.swift; path = Array.swift; sourceTree = "<group>"; };
		E97DA814295116730059EF64 /* JSONContent.swift */ = {isa = PBXFileReference; lastKnownFileType = sourcecode.swift; path = JSONContent.swift; sourceTree = "<group>"; };
		E97DA81629511F680059EF64 /* WordsProtocols.swift */ = {isa = PBXFileReference; lastKnownFileType = sourcecode.swift; path = WordsProtocols.swift; sourceTree = "<group>"; };
		E97DA818295122780059EF64 /* DataProvider.swift */ = {isa = PBXFileReference; lastKnownFileType = sourcecode.swift; path = DataProvider.swift; sourceTree = "<group>"; };
/* End PBXFileReference section */

/* Begin PBXFrameworksBuildPhase section */
		456EB4382692E1120003CEB6 /* Frameworks */ = {
			isa = PBXFrameworksBuildPhase;
			buildActionMask = 2147483647;
			files = (
				45C9416B2692E3D6001827AB /* SnapKit in Frameworks */,
			);
			runOnlyForDeploymentPostprocessing = 0;
		};
/* End PBXFrameworksBuildPhase section */

/* Begin PBXGroup section */
		4539C19D2692F86C00534F4B /* Resources */ = {
			isa = PBXGroup;
			children = (
				456EB43E2692E1120003CEB6 /* AppDelegate.swift */,
				456EB4442692E1120003CEB6 /* Main.storyboard */,
				456EB4472692E1120003CEB6 /* Assets.xcassets */,
				456EB4492692E1120003CEB6 /* LaunchScreen.storyboard */,
				456EB44C2692E1120003CEB6 /* Info.plist */,
				E97DA814295116730059EF64 /* JSONContent.swift */,
			);
			path = Resources;
			sourceTree = "<group>";
		};
		456EB4322692E1120003CEB6 = {
			isa = PBXGroup;
			children = (
				456EB43D2692E1120003CEB6 /* English */,
				456EB43C2692E1120003CEB6 /* Products */,
			);
			sourceTree = "<group>";
		};
		456EB43C2692E1120003CEB6 /* Products */ = {
			isa = PBXGroup;
			children = (
				456EB43B2692E1120003CEB6 /* English.app */,
			);
			name = Products;
			sourceTree = "<group>";
		};
		456EB43D2692E1120003CEB6 /* English */ = {
			isa = PBXGroup;
			children = (
				4539C19D2692F86C00534F4B /* Resources */,
				45E8EECC269358C000D66F13 /* ViewControllers */,
				45E8EEC72693413600D66F13 /* DataProvider */,
				45E8EEC026933DA200D66F13 /* Models */,
				45E8EEBB2693385A00D66F13 /* SupportClasses */,
				45E9769F26947F2E00A12858 /* Extension */,
			);
			path = English;
			sourceTree = "<group>";
		};
		458C50BB26B6BE1B001DD6B9 /* Words */ = {
			isa = PBXGroup;
			children = (
				458C50C726B6CCFB001DD6B9 /* WordsEndpoint.swift */,
				458C50BC26B6BEB4001DD6B9 /* WordsViewController.swift */,
				E97DA81629511F680059EF64 /* WordsProtocols.swift */,
				458C50BE26B6BEE5001DD6B9 /* WordsViewModel.swift */,
				458C50C426B6C915001DD6B9 /* Views */,
			);
			path = Words;
			sourceTree = "<group>";
		};
		458C50C426B6C915001DD6B9 /* Views */ = {
			isa = PBXGroup;
			children = (
				458C50C926B70D96001DD6B9 /* WordsTableView.swift */,
				52E45E7226B7F546009C5965 /* WordCell.swift */,
				45826F5F26B9B83D001B3350 /* WordCellDescription.swift */,
			);
			path = Views;
			sourceTree = "<group>";
		};
		45E8EEBB2693385A00D66F13 /* SupportClasses */ = {
			isa = PBXGroup;
			children = (
				45E8EEC32693403D00D66F13 /* Vibro.swift */,
				45E8EEC5269340BD00D66F13 /* Constant.swift */,
				45FF7AAE26A017AB005BAF35 /* BaseUI */,
			);
			path = SupportClasses;
			sourceTree = "<group>";
		};
		45E8EEC026933DA200D66F13 /* Models */ = {
			isa = PBXGroup;
			children = (
				450712EE269E174A0022EE61 /* List.swift */,
				45E8EECA2693543C00D66F13 /* Word.swift */,
			);
			path = Models;
			sourceTree = "<group>";
		};
		45E8EEC72693413600D66F13 /* DataProvider */ = {
			isa = PBXGroup;
			children = (
				45E8EEC82693429E00D66F13 /* DefaultUtils.swift */,
				E97DA818295122780059EF64 /* DataProvider.swift */,
			);
			path = DataProvider;
			sourceTree = "<group>";
		};
		45E8EECC269358C000D66F13 /* ViewControllers */ = {
			isa = PBXGroup;
			children = (
				458C50BB26B6BE1B001DD6B9 /* Words */,
				456E7F732699F79D007ABF69 /* DI.swift */,
			);
			path = ViewControllers;
			sourceTree = "<group>";
		};
		45E9769F26947F2E00A12858 /* Extension */ = {
			isa = PBXGroup;
			children = (
				45E976A026947F5800A12858 /* UIViewController.swift */,
				45C960152694C2D600B846D2 /* UIWindow.swift */,
				45E976A2269490C500A12858 /* UINavigationController.swift */,
				529EFF0B26BD1CBA00D65721 /* UITableView.swift */,
				45A191AB269DE0D700D2E169 /* UIView.swift */,
				45FF7AA426A00C28005BAF35 /* NSObject.swift */,
				52E45E7726BAFCB2009C5965 /* Array.swift */,
			);
			path = Extension;
			sourceTree = "<group>";
		};
		45FF7AAE26A017AB005BAF35 /* BaseUI */ = {
			isa = PBXGroup;
			children = (
				45E976A42694B56A00A12858 /* BaseViewController.swift */,
				45E976A62694BB3900A12858 /* BaseNavigationController.swift */,
				45FF7AAC26A016DD005BAF35 /* BaseCell.swift */,
			);
			path = BaseUI;
			sourceTree = "<group>";
		};
/* End PBXGroup section */

/* Begin PBXNativeTarget section */
		456EB43A2692E1120003CEB6 /* English */ = {
			isa = PBXNativeTarget;
			buildConfigurationList = 456EB44F2692E1120003CEB6 /* Build configuration list for PBXNativeTarget "English" */;
			buildPhases = (
				456EB4372692E1120003CEB6 /* Sources */,
				456EB4382692E1120003CEB6 /* Frameworks */,
				456EB4392692E1120003CEB6 /* Resources */,
			);
			buildRules = (
			);
			dependencies = (
			);
			name = English;
			packageProductDependencies = (
				45C9416A2692E3D6001827AB /* SnapKit */,
			);
			productName = English;
			productReference = 456EB43B2692E1120003CEB6 /* English.app */;
			productType = "com.apple.product-type.application";
		};
/* End PBXNativeTarget section */

/* Begin PBXProject section */
		456EB4332692E1120003CEB6 /* Project object */ = {
			isa = PBXProject;
			attributes = {
				LastSwiftUpdateCheck = 1250;
				LastUpgradeCheck = 1250;
				TargetAttributes = {
					456EB43A2692E1120003CEB6 = {
						CreatedOnToolsVersion = 12.5;
					};
				};
			};
			buildConfigurationList = 456EB4362692E1120003CEB6 /* Build configuration list for PBXProject "English" */;
			compatibilityVersion = "Xcode 9.3";
			developmentRegion = en;
			hasScannedForEncodings = 0;
			knownRegions = (
				en,
				Base,
				ru,
			);
			mainGroup = 456EB4322692E1120003CEB6;
			packageReferences = (
				45C941692692E3D6001827AB /* XCRemoteSwiftPackageReference "SnapKit" */,
			);
			productRefGroup = 456EB43C2692E1120003CEB6 /* Products */;
			projectDirPath = "";
			projectRoot = "";
			targets = (
				456EB43A2692E1120003CEB6 /* English */,
			);
		};
/* End PBXProject section */

/* Begin PBXResourcesBuildPhase section */
		456EB4392692E1120003CEB6 /* Resources */ = {
			isa = PBXResourcesBuildPhase;
			buildActionMask = 2147483647;
			files = (
				456EB44B2692E1120003CEB6 /* LaunchScreen.storyboard in Resources */,
				456EB4482692E1120003CEB6 /* Assets.xcassets in Resources */,
				456EB4462692E1120003CEB6 /* Main.storyboard in Resources */,
			);
			runOnlyForDeploymentPostprocessing = 0;
		};
/* End PBXResourcesBuildPhase section */

/* Begin PBXSourcesBuildPhase section */
		456EB4372692E1120003CEB6 /* Sources */ = {
			isa = PBXSourcesBuildPhase;
			buildActionMask = 2147483647;
			files = (
				E97DA81729511F680059EF64 /* WordsProtocols.swift in Sources */,
				45E976A52694B56A00A12858 /* BaseViewController.swift in Sources */,
				52E45E7826BAFCB2009C5965 /* Array.swift in Sources */,
				E97DA815295116730059EF64 /* JSONContent.swift in Sources */,
				529EFF0C26BD1CBA00D65721 /* UITableView.swift in Sources */,
				45E976A126947F5800A12858 /* UIViewController.swift in Sources */,
				458C50CA26B70D96001DD6B9 /* WordsTableView.swift in Sources */,
				45E8EECB2693543C00D66F13 /* Word.swift in Sources */,
				456EB43F2692E1120003CEB6 /* AppDelegate.swift in Sources */,
				458C50BD26B6BEB4001DD6B9 /* WordsViewController.swift in Sources */,
				458C50C826B6CCFB001DD6B9 /* WordsEndpoint.swift in Sources */,
				45E976A72694BB3A00A12858 /* BaseNavigationController.swift in Sources */,
				E97DA819295122780059EF64 /* DataProvider.swift in Sources */,
				45FF7AA526A00C28005BAF35 /* NSObject.swift in Sources */,
				458C50BF26B6BEE5001DD6B9 /* WordsViewModel.swift in Sources */,
				450712EF269E174A0022EE61 /* List.swift in Sources */,
				45E8EEC92693429E00D66F13 /* DefaultUtils.swift in Sources */,
				45E8EEC42693403D00D66F13 /* Vibro.swift in Sources */,
				45E976A3269490C500A12858 /* UINavigationController.swift in Sources */,
				52E45E7326B7F546009C5965 /* WordCell.swift in Sources */,
				45A191AC269DE0D700D2E169 /* UIView.swift in Sources */,
				45FF7AAD26A016DD005BAF35 /* BaseCell.swift in Sources */,
				45E8EEC6269340BD00D66F13 /* Constant.swift in Sources */,
				45C960162694C2D600B846D2 /* UIWindow.swift in Sources */,
				456E7F742699F79D007ABF69 /* DI.swift in Sources */,
				45826F6026B9B83D001B3350 /* WordCellDescription.swift in Sources */,
			);
			runOnlyForDeploymentPostprocessing = 0;
		};
/* End PBXSourcesBuildPhase section */

/* Begin PBXVariantGroup section */
		456EB4442692E1120003CEB6 /* Main.storyboard */ = {
			isa = PBXVariantGroup;
			children = (
				456EB4452692E1120003CEB6 /* Base */,
				45FC2C1C26C1AF6E00A16EDC /* ru */,
			);
			name = Main.storyboard;
			sourceTree = "<group>";
		};
		456EB4492692E1120003CEB6 /* LaunchScreen.storyboard */ = {
			isa = PBXVariantGroup;
			children = (
				456EB44A2692E1120003CEB6 /* Base */,
				45FC2C1D26C1AF6F00A16EDC /* ru */,
			);
			name = LaunchScreen.storyboard;
			sourceTree = "<group>";
		};
/* End PBXVariantGroup section */

/* Begin XCBuildConfiguration section */
		456EB44D2692E1120003CEB6 /* Debug */ = {
			isa = XCBuildConfiguration;
			buildSettings = {
				ALWAYS_SEARCH_USER_PATHS = NO;
				CLANG_ANALYZER_LOCALIZABILITY_NONLOCALIZED = YES;
				CLANG_ANALYZER_NONNULL = YES;
				CLANG_ANALYZER_NUMBER_OBJECT_CONVERSION = YES_AGGRESSIVE;
				CLANG_CXX_LANGUAGE_STANDARD = "gnu++14";
				CLANG_CXX_LIBRARY = "libc++";
				CLANG_ENABLE_MODULES = YES;
				CLANG_ENABLE_OBJC_ARC = YES;
				CLANG_ENABLE_OBJC_WEAK = YES;
				CLANG_WARN_BLOCK_CAPTURE_AUTORELEASING = YES;
				CLANG_WARN_BOOL_CONVERSION = YES;
				CLANG_WARN_COMMA = YES;
				CLANG_WARN_CONSTANT_CONVERSION = YES;
				CLANG_WARN_DEPRECATED_OBJC_IMPLEMENTATIONS = YES;
				CLANG_WARN_DIRECT_OBJC_ISA_USAGE = YES_ERROR;
				CLANG_WARN_DOCUMENTATION_COMMENTS = YES;
				CLANG_WARN_EMPTY_BODY = YES;
				CLANG_WARN_ENUM_CONVERSION = YES;
				CLANG_WARN_INFINITE_RECURSION = YES;
				CLANG_WARN_INT_CONVERSION = YES;
				CLANG_WARN_NON_LITERAL_NULL_CONVERSION = YES;
				CLANG_WARN_OBJC_IMPLICIT_RETAIN_SELF = YES;
				CLANG_WARN_OBJC_LITERAL_CONVERSION = YES;
				CLANG_WARN_OBJC_ROOT_CLASS = YES_ERROR;
				CLANG_WARN_QUOTED_INCLUDE_IN_FRAMEWORK_HEADER = YES;
				CLANG_WARN_RANGE_LOOP_ANALYSIS = YES;
				CLANG_WARN_STRICT_PROTOTYPES = YES;
				CLANG_WARN_SUSPICIOUS_MOVE = YES;
				CLANG_WARN_UNGUARDED_AVAILABILITY = YES_AGGRESSIVE;
				CLANG_WARN_UNREACHABLE_CODE = YES;
				CLANG_WARN__DUPLICATE_METHOD_MATCH = YES;
				COPY_PHASE_STRIP = NO;
				DEBUG_INFORMATION_FORMAT = dwarf;
				ENABLE_STRICT_OBJC_MSGSEND = YES;
				ENABLE_TESTABILITY = YES;
				GCC_C_LANGUAGE_STANDARD = gnu11;
				GCC_DYNAMIC_NO_PIC = NO;
				GCC_NO_COMMON_BLOCKS = YES;
				GCC_OPTIMIZATION_LEVEL = 0;
				GCC_PREPROCESSOR_DEFINITIONS = (
					"DEBUG=1",
					"$(inherited)",
				);
				GCC_WARN_64_TO_32_BIT_CONVERSION = YES;
				GCC_WARN_ABOUT_RETURN_TYPE = YES_ERROR;
				GCC_WARN_UNDECLARED_SELECTOR = YES;
				GCC_WARN_UNINITIALIZED_AUTOS = YES_AGGRESSIVE;
				GCC_WARN_UNUSED_FUNCTION = YES;
				GCC_WARN_UNUSED_VARIABLE = YES;
				IPHONEOS_DEPLOYMENT_TARGET = 14.5;
				MTL_ENABLE_DEBUG_INFO = INCLUDE_SOURCE;
				MTL_FAST_MATH = YES;
				ONLY_ACTIVE_ARCH = YES;
				SDKROOT = iphoneos;
				SWIFT_ACTIVE_COMPILATION_CONDITIONS = DEBUG;
				SWIFT_OPTIMIZATION_LEVEL = "-Onone";
			};
			name = Debug;
		};
		456EB44E2692E1120003CEB6 /* Release */ = {
			isa = XCBuildConfiguration;
			buildSettings = {
				ALWAYS_SEARCH_USER_PATHS = NO;
				CLANG_ANALYZER_LOCALIZABILITY_NONLOCALIZED = YES;
				CLANG_ANALYZER_NONNULL = YES;
				CLANG_ANALYZER_NUMBER_OBJECT_CONVERSION = YES_AGGRESSIVE;
				CLANG_CXX_LANGUAGE_STANDARD = "gnu++14";
				CLANG_CXX_LIBRARY = "libc++";
				CLANG_ENABLE_MODULES = YES;
				CLANG_ENABLE_OBJC_ARC = YES;
				CLANG_ENABLE_OBJC_WEAK = YES;
				CLANG_WARN_BLOCK_CAPTURE_AUTORELEASING = YES;
				CLANG_WARN_BOOL_CONVERSION = YES;
				CLANG_WARN_COMMA = YES;
				CLANG_WARN_CONSTANT_CONVERSION = YES;
				CLANG_WARN_DEPRECATED_OBJC_IMPLEMENTATIONS = YES;
				CLANG_WARN_DIRECT_OBJC_ISA_USAGE = YES_ERROR;
				CLANG_WARN_DOCUMENTATION_COMMENTS = YES;
				CLANG_WARN_EMPTY_BODY = YES;
				CLANG_WARN_ENUM_CONVERSION = YES;
				CLANG_WARN_INFINITE_RECURSION = YES;
				CLANG_WARN_INT_CONVERSION = YES;
				CLANG_WARN_NON_LITERAL_NULL_CONVERSION = YES;
				CLANG_WARN_OBJC_IMPLICIT_RETAIN_SELF = YES;
				CLANG_WARN_OBJC_LITERAL_CONVERSION = YES;
				CLANG_WARN_OBJC_ROOT_CLASS = YES_ERROR;
				CLANG_WARN_QUOTED_INCLUDE_IN_FRAMEWORK_HEADER = YES;
				CLANG_WARN_RANGE_LOOP_ANALYSIS = YES;
				CLANG_WARN_STRICT_PROTOTYPES = YES;
				CLANG_WARN_SUSPICIOUS_MOVE = YES;
				CLANG_WARN_UNGUARDED_AVAILABILITY = YES_AGGRESSIVE;
				CLANG_WARN_UNREACHABLE_CODE = YES;
				CLANG_WARN__DUPLICATE_METHOD_MATCH = YES;
				COPY_PHASE_STRIP = NO;
				DEBUG_INFORMATION_FORMAT = "dwarf-with-dsym";
				ENABLE_NS_ASSERTIONS = NO;
				ENABLE_STRICT_OBJC_MSGSEND = YES;
				GCC_C_LANGUAGE_STANDARD = gnu11;
				GCC_NO_COMMON_BLOCKS = YES;
				GCC_WARN_64_TO_32_BIT_CONVERSION = YES;
				GCC_WARN_ABOUT_RETURN_TYPE = YES_ERROR;
				GCC_WARN_UNDECLARED_SELECTOR = YES;
				GCC_WARN_UNINITIALIZED_AUTOS = YES_AGGRESSIVE;
				GCC_WARN_UNUSED_FUNCTION = YES;
				GCC_WARN_UNUSED_VARIABLE = YES;
				IPHONEOS_DEPLOYMENT_TARGET = 14.5;
				MTL_ENABLE_DEBUG_INFO = NO;
				MTL_FAST_MATH = YES;
				SDKROOT = iphoneos;
				SWIFT_COMPILATION_MODE = wholemodule;
				SWIFT_OPTIMIZATION_LEVEL = "-O";
				VALIDATE_PRODUCT = YES;
			};
			name = Release;
		};
		456EB4502692E1120003CEB6 /* Debug */ = {
			isa = XCBuildConfiguration;
			buildSettings = {
				ASSETCATALOG_COMPILER_APPICON_NAME = AppIcon;
				ASSETCATALOG_COMPILER_GLOBAL_ACCENT_COLOR_NAME = AccentColor;
				CODE_SIGN_STYLE = Automatic;
				CURRENT_PROJECT_VERSION = 3;
				DEVELOPMENT_TEAM = UP3NTZ9NR7;
				INFOPLIST_FILE = English/Resources/Info.plist;
				IPHONEOS_DEPLOYMENT_TARGET = 13.0;
				LD_RUNPATH_SEARCH_PATHS = (
					"$(inherited)",
					"@executable_path/Frameworks",
				);
				MARKETING_VERSION = 1.0.0;
				PRODUCT_BUNDLE_IDENTIFIER = com.test.cocoa.English;
				PRODUCT_NAME = "$(TARGET_NAME)";
				SWIFT_VERSION = 5.0;
				TARGETED_DEVICE_FAMILY = 1;
			};
			name = Debug;
		};
		456EB4512692E1120003CEB6 /* Release */ = {
			isa = XCBuildConfiguration;
			buildSettings = {
				ASSETCATALOG_COMPILER_APPICON_NAME = AppIcon;
				ASSETCATALOG_COMPILER_GLOBAL_ACCENT_COLOR_NAME = AccentColor;
				CODE_SIGN_STYLE = Automatic;
				CURRENT_PROJECT_VERSION = 3;
				DEVELOPMENT_TEAM = UP3NTZ9NR7;
				INFOPLIST_FILE = English/Resources/Info.plist;
				IPHONEOS_DEPLOYMENT_TARGET = 13.0;
				LD_RUNPATH_SEARCH_PATHS = (
					"$(inherited)",
					"@executable_path/Frameworks",
				);
				MARKETING_VERSION = 1.0.0;
				PRODUCT_BUNDLE_IDENTIFIER = com.test.cocoa.English;
				PRODUCT_NAME = "$(TARGET_NAME)";
				SWIFT_VERSION = 5.0;
				TARGETED_DEVICE_FAMILY = 1;
			};
			name = Release;
		};
/* End XCBuildConfiguration section */

/* Begin XCConfigurationList section */
		456EB4362692E1120003CEB6 /* Build configuration list for PBXProject "English" */ = {
			isa = XCConfigurationList;
			buildConfigurations = (
				456EB44D2692E1120003CEB6 /* Debug */,
				456EB44E2692E1120003CEB6 /* Release */,
			);
			defaultConfigurationIsVisible = 0;
			defaultConfigurationName = Release;
		};
		456EB44F2692E1120003CEB6 /* Build configuration list for PBXNativeTarget "English" */ = {
			isa = XCConfigurationList;
			buildConfigurations = (
				456EB4502692E1120003CEB6 /* Debug */,
				456EB4512692E1120003CEB6 /* Release */,
			);
			defaultConfigurationIsVisible = 0;
			defaultConfigurationName = Release;
		};
/* End XCConfigurationList section */

/* Begin XCRemoteSwiftPackageReference section */
		45C941692692E3D6001827AB /* XCRemoteSwiftPackageReference "SnapKit" */ = {
			isa = XCRemoteSwiftPackageReference;
			repositoryURL = "https://github.com/SnapKit/SnapKit";
			requirement = {
				kind = upToNextMajorVersion;
				minimumVersion = 5.0.1;
			};
		};
/* End XCRemoteSwiftPackageReference section */

/* Begin XCSwiftPackageProductDependency section */
		45C9416A2692E3D6001827AB /* SnapKit */ = {
			isa = XCSwiftPackageProductDependency;
			package = 45C941692692E3D6001827AB /* XCRemoteSwiftPackageReference "SnapKit" */;
			productName = SnapKit;
		};
/* End XCSwiftPackageProductDependency section */
	};
	rootObject = 456EB4332692E1120003CEB6 /* Project object */;
}
